
Microsoft Visual Studio Solution File, Format Version 12.00
# Visual Studio 15
VisualStudioVersion = 15.0.27703.2047
MinimumVisualStudioVersion = 10.0.40219.1
Project("{8BC9CEB8-8B4A-11D0-8D11-00A0C91BC942}") = "TestCLR", "TestCLR\TestCLR.vcxproj", "{14B78469-6AFC-4E6E-A970-EB9C77BF8EAE}"
EndProject
Global
	GlobalSection(SolutionConfigurationPlatforms) = preSolution
		Debug|x64 = Debug|x64
		Debug|x86 = Debug|x86
		Release|x64 = Release|x64
		Release|x86 = Release|x86
	EndGlobalSection
	GlobalSection(ProjectConfigurationPlatforms) = postSolution
		{14B78469-6AFC-4E6E-A970-EB9C77BF8EAE}.Debug|x64.ActiveCfg = Debug|x64
		{14B78469-6AFC-4E6E-A970-EB9C77BF8EAE}.Debug|x64.Build.0 = Debug|x64
		{14B78469-6AFC-4E6E-A970-EB9C77BF8EAE}.Debug|x86.ActiveCfg = Debug|Win32
		{14B78469-6AFC-4E6E-A970-EB9C77BF8EAE}.Debug|x86.Build.0 = Debug|Win32
		{14B78469-6AFC-4E6E-A970-EB9C77BF8EAE}.Release|x64.ActiveCfg = Release|x64
		{14B78469-6AFC-4E6E-A970-EB9C77BF8EAE}.Release|x64.Build.0 = Release|x64
		{14B78469-6AFC-4E6E-A970-EB9C77BF8EAE}.Release|x86.ActiveCfg = Release|Win32
		{14B78469-6AFC-4E6E-A970-EB9C77BF8EAE}.Release|x86.Build.0 = Release|Win32
	EndGlobalSection
	GlobalSection(SolutionProperties) = preSolution
		HideSolutionNode = FALSE
	EndGlobalSection
	GlobalSection(ExtensibilityGlobals) = postSolution
		SolutionGuid = {1EE24A62-784F-4BD2-9FC9-72009F11DD66}
	EndGlobalSection
EndGlobal
